
Microsoft Visual Studio Solution File, Format Version 12.00
# Visual Studio 15
VisualStudioVersion = 15.0.26124.0
MinimumVisualStudioVersion = 15.0.26124.0
Project("{FAE04EC0-301F-11D3-BF4B-00C04F79EFBC}") = "Tester", "Tester\Tester.csproj", "{57919CDC-83D3-461E-A91B-60CBB907240E}"
EndProject
Project("{FAE04EC0-301F-11D3-BF4B-00C04F79EFBC}") = "YourName", "Challenge01\YourName.csproj", "{111C9EB8-0543-467A-AB9E-1973C3B9A441}"
EndProject
Project("{FAE04EC0-301F-11D3-BF4B-00C04F79EFBC}") = "StringLength", "Challenge03\StringLength.csproj", "{AAC62D6A-E0B6-4116-87B2-BBD1A98F5812}"
EndProject
Project("{FAE04EC0-301F-11D3-BF4B-00C04F79EFBC}") = "DaysToNextBirthday", "Challenge02\DaysToNextBirthday.csproj", "{056A7DE8-1643-450C-8A6F-382A21A570F4}"
EndProject
Project("{FAE04EC0-301F-11D3-BF4B-00C04F79EFBC}") = "Substitution", "Challenge04\Substitution.csproj", "{72E70D45-09D6-4600-A037-DED07C123133}"
EndProject
Project("{FAE04EC0-301F-11D3-BF4B-00C04F79EFBC}") = "EvenOdd", "Challenge05\EvenOdd.csproj", "{DFAB90B9-9B98-4C91-9585-2A7185F6749A}"
EndProject
Project("{FAE04EC0-301F-11D3-BF4B-00C04F79EFBC}") = "Grade", "Challenge06\Grade.csproj", "{0D589622-0A50-4417-9D7C-BC500460E57B}"
EndProject
Project("{FAE04EC0-301F-11D3-BF4B-00C04F79EFBC}") = "TempratureConverter", "Challenge07\TempratureConverter.csproj", "{151855AE-813B-49EA-AC06-D4244EC463BF}"
EndProject
Project("{FAE04EC0-301F-11D3-BF4B-00C04F79EFBC}") = "LeapYear", "Challenge08\LeapYear.csproj", "{E751FCF4-D2DF-4973-8B83-07EA602D2359}"
EndProject
Project("{FAE04EC0-301F-11D3-BF4B-00C04F79EFBC}") = "Timezone", "Challenge09\Timezone.csproj", "{F3136B7F-D19A-4540-B6A5-4C733F2CBF22}"
EndProject
Project("{FAE04EC0-301F-11D3-BF4B-00C04F79EFBC}") = "Calculator", "Challenge10\Calculator.csproj", "{E2781109-995D-4153-A97D-A2D9093C910E}"
EndProject
Project("{FAE04EC0-301F-11D3-BF4B-00C04F79EFBC}") = "ToUpperCase", "Challenge12\ToUpperCase.csproj", "{6D61FE56-1317-4148-951D-DFCF0499EF70}"
EndProject
Project("{FAE04EC0-301F-11D3-BF4B-00C04F79EFBC}") = "CountWords", "Challenge13\CountWords.csproj", "{FD4D1CC6-02AB-4464-B957-05E74E8CB42F}"
EndProject
Project("{FAE04EC0-301F-11D3-BF4B-00C04F79EFBC}") = "PalindromeDetector", "Challenge14\PalindromeDetector.csproj", "{F7DA6C77-D9DC-4638-BE75-D5E6A958221C}"
EndProject
Project("{FAE04EC0-301F-11D3-BF4B-00C04F79EFBC}") = "FruitFinder", "Challenge16\FruitFinder.csproj", "{67732BDB-F12D-4FF0-847F-179E53E90F24}"
EndProject
Project("{FAE04EC0-301F-11D3-BF4B-00C04F79EFBC}") = "FindMinMaxAvg", "Challenge18\FindMinMaxAvg.csproj", "{47719BD0-9813-4E18-925E-23F51136B4D2}"
EndProject
Project("{FAE04EC0-301F-11D3-BF4B-00C04F79EFBC}") = "Sorter", "Challenge19\Sorter.csproj", "{1F550B3D-2060-4AA5-8AED-4BBDF0A65480}"
EndProject
Project("{FAE04EC0-301F-11D3-BF4B-00C04F79EFBC}") = "SumArgument", "Challenge11\SumArgument.csproj", "{F4C0142F-EF7D-4928-A41A-D2834D22D86B}"
EndProject
Project("{FAE04EC0-301F-11D3-BF4B-00C04F79EFBC}") = "MirrorString", "Challenge15\MirrorString.csproj", "{0D0E2A93-C7AC-42A8-84D3-0AE31F31A4E0}"
EndProject
Project("{FAE04EC0-301F-11D3-BF4B-00C04F79EFBC}") = "FooBarBaz", "Challenge17\FooBarBaz.csproj", "{881E087F-289A-4F3E-B3D0-3E7BF1DA9543}"
EndProject
Project("{FAE04EC0-301F-11D3-BF4B-00C04F79EFBC}") = "ObjectClass", "Challenge20\ObjectClass.csproj", "{84742EEE-C751-4272-9775-498ABEF806CC}"
EndProject
Global
	GlobalSection(SolutionConfigurationPlatforms) = preSolution
		Debug|Any CPU = Debug|Any CPU
		Debug|x64 = Debug|x64
		Debug|x86 = Debug|x86
		Release|Any CPU = Release|Any CPU
		Release|x64 = Release|x64
		Release|x86 = Release|x86
	EndGlobalSection
	GlobalSection(SolutionProperties) = preSolution
		HideSolutionNode = FALSE
	EndGlobalSection
	GlobalSection(ProjectConfigurationPlatforms) = postSolution
		{57919CDC-83D3-461E-A91B-60CBB907240E}.Debug|Any CPU.ActiveCfg = Debug|Any CPU
		{57919CDC-83D3-461E-A91B-60CBB907240E}.Debug|Any CPU.Build.0 = Debug|Any CPU
		{57919CDC-83D3-461E-A91B-60CBB907240E}.Debug|x64.ActiveCfg = Debug|Any CPU
		{57919CDC-83D3-461E-A91B-60CBB907240E}.Debug|x64.Build.0 = Debug|Any CPU
		{57919CDC-83D3-461E-A91B-60CBB907240E}.Debug|x86.ActiveCfg = Debug|Any CPU
		{57919CDC-83D3-461E-A91B-60CBB907240E}.Debug|x86.Build.0 = Debug|Any CPU
		{57919CDC-83D3-461E-A91B-60CBB907240E}.Release|Any CPU.ActiveCfg = Release|Any CPU
		{57919CDC-83D3-461E-A91B-60CBB907240E}.Release|Any CPU.Build.0 = Release|Any CPU
		{57919CDC-83D3-461E-A91B-60CBB907240E}.Release|x64.ActiveCfg = Release|Any CPU
		{57919CDC-83D3-461E-A91B-60CBB907240E}.Release|x64.Build.0 = Release|Any CPU
		{57919CDC-83D3-461E-A91B-60CBB907240E}.Release|x86.ActiveCfg = Release|Any CPU
		{57919CDC-83D3-461E-A91B-60CBB907240E}.Release|x86.Build.0 = Release|Any CPU
		{111C9EB8-0543-467A-AB9E-1973C3B9A441}.Debug|Any CPU.ActiveCfg = Debug|Any CPU
		{111C9EB8-0543-467A-AB9E-1973C3B9A441}.Debug|Any CPU.Build.0 = Debug|Any CPU
		{111C9EB8-0543-467A-AB9E-1973C3B9A441}.Debug|x64.ActiveCfg = Debug|Any CPU
		{111C9EB8-0543-467A-AB9E-1973C3B9A441}.Debug|x64.Build.0 = Debug|Any CPU
		{111C9EB8-0543-467A-AB9E-1973C3B9A441}.Debug|x86.ActiveCfg = Debug|Any CPU
		{111C9EB8-0543-467A-AB9E-1973C3B9A441}.Debug|x86.Build.0 = Debug|Any CPU
		{111C9EB8-0543-467A-AB9E-1973C3B9A441}.Release|Any CPU.ActiveCfg = Release|Any CPU
		{111C9EB8-0543-467A-AB9E-1973C3B9A441}.Release|Any CPU.Build.0 = Release|Any CPU
		{111C9EB8-0543-467A-AB9E-1973C3B9A441}.Release|x64.ActiveCfg = Release|Any CPU
		{111C9EB8-0543-467A-AB9E-1973C3B9A441}.Release|x64.Build.0 = Release|Any CPU
		{111C9EB8-0543-467A-AB9E-1973C3B9A441}.Release|x86.ActiveCfg = Release|Any CPU
		{111C9EB8-0543-467A-AB9E-1973C3B9A441}.Release|x86.Build.0 = Release|Any CPU
		{AAC62D6A-E0B6-4116-87B2-BBD1A98F5812}.Debug|Any CPU.ActiveCfg = Debug|Any CPU
		{AAC62D6A-E0B6-4116-87B2-BBD1A98F5812}.Debug|Any CPU.Build.0 = Debug|Any CPU
		{AAC62D6A-E0B6-4116-87B2-BBD1A98F5812}.Debug|x64.ActiveCfg = Debug|Any CPU
		{AAC62D6A-E0B6-4116-87B2-BBD1A98F5812}.Debug|x64.Build.0 = Debug|Any CPU
		{AAC62D6A-E0B6-4116-87B2-BBD1A98F5812}.Debug|x86.ActiveCfg = Debug|Any CPU
		{AAC62D6A-E0B6-4116-87B2-BBD1A98F5812}.Debug|x86.Build.0 = Debug|Any CPU
		{AAC62D6A-E0B6-4116-87B2-BBD1A98F5812}.Release|Any CPU.ActiveCfg = Release|Any CPU
		{AAC62D6A-E0B6-4116-87B2-BBD1A98F5812}.Release|Any CPU.Build.0 = Release|Any CPU
		{AAC62D6A-E0B6-4116-87B2-BBD1A98F5812}.Release|x64.ActiveCfg = Release|Any CPU
		{AAC62D6A-E0B6-4116-87B2-BBD1A98F5812}.Release|x64.Build.0 = Release|Any CPU
		{AAC62D6A-E0B6-4116-87B2-BBD1A98F5812}.Release|x86.ActiveCfg = Release|Any CPU
		{AAC62D6A-E0B6-4116-87B2-BBD1A98F5812}.Release|x86.Build.0 = Release|Any CPU
		{056A7DE8-1643-450C-8A6F-382A21A570F4}.Debug|Any CPU.ActiveCfg = Debug|Any CPU
		{056A7DE8-1643-450C-8A6F-382A21A570F4}.Debug|Any CPU.Build.0 = Debug|Any CPU
		{056A7DE8-1643-450C-8A6F-382A21A570F4}.Debug|x64.ActiveCfg = Debug|Any CPU
		{056A7DE8-1643-450C-8A6F-382A21A570F4}.Debug|x64.Build.0 = Debug|Any CPU
		{056A7DE8-1643-450C-8A6F-382A21A570F4}.Debug|x86.ActiveCfg = Debug|Any CPU
		{056A7DE8-1643-450C-8A6F-382A21A570F4}.Debug|x86.Build.0 = Debug|Any CPU
		{056A7DE8-1643-450C-8A6F-382A21A570F4}.Release|Any CPU.ActiveCfg = Release|Any CPU
		{056A7DE8-1643-450C-8A6F-382A21A570F4}.Release|Any CPU.Build.0 = Release|Any CPU
		{056A7DE8-1643-450C-8A6F-382A21A570F4}.Release|x64.ActiveCfg = Release|Any CPU
		{056A7DE8-1643-450C-8A6F-382A21A570F4}.Release|x64.Build.0 = Release|Any CPU
		{056A7DE8-1643-450C-8A6F-382A21A570F4}.Release|x86.ActiveCfg = Release|Any CPU
		{056A7DE8-1643-450C-8A6F-382A21A570F4}.Release|x86.Build.0 = Release|Any CPU
		{72E70D45-09D6-4600-A037-DED07C123133}.Debug|Any CPU.ActiveCfg = Debug|Any CPU
		{72E70D45-09D6-4600-A037-DED07C123133}.Debug|Any CPU.Build.0 = Debug|Any CPU
		{72E70D45-09D6-4600-A037-DED07C123133}.Debug|x64.ActiveCfg = Debug|Any CPU
		{72E70D45-09D6-4600-A037-DED07C123133}.Debug|x64.Build.0 = Debug|Any CPU
		{72E70D45-09D6-4600-A037-DED07C123133}.Debug|x86.ActiveCfg = Debug|Any CPU
		{72E70D45-09D6-4600-A037-DED07C123133}.Debug|x86.Build.0 = Debug|Any CPU
		{72E70D45-09D6-4600-A037-DED07C123133}.Release|Any CPU.ActiveCfg = Release|Any CPU
		{72E70D45-09D6-4600-A037-DED07C123133}.Release|Any CPU.Build.0 = Release|Any CPU
		{72E70D45-09D6-4600-A037-DED07C123133}.Release|x64.ActiveCfg = Release|Any CPU
		{72E70D45-09D6-4600-A037-DED07C123133}.Release|x64.Build.0 = Release|Any CPU
		{72E70D45-09D6-4600-A037-DED07C123133}.Release|x86.ActiveCfg = Release|Any CPU
		{72E70D45-09D6-4600-A037-DED07C123133}.Release|x86.Build.0 = Release|Any CPU
		{DFAB90B9-9B98-4C91-9585-2A7185F6749A}.Debug|Any CPU.ActiveCfg = Debug|Any CPU
		{DFAB90B9-9B98-4C91-9585-2A7185F6749A}.Debug|Any CPU.Build.0 = Debug|Any CPU
		{DFAB90B9-9B98-4C91-9585-2A7185F6749A}.Debug|x64.ActiveCfg = Debug|Any CPU
		{DFAB90B9-9B98-4C91-9585-2A7185F6749A}.Debug|x64.Build.0 = Debug|Any CPU
		{DFAB90B9-9B98-4C91-9585-2A7185F6749A}.Debug|x86.ActiveCfg = Debug|Any CPU
		{DFAB90B9-9B98-4C91-9585-2A7185F6749A}.Debug|x86.Build.0 = Debug|Any CPU
		{DFAB90B9-9B98-4C91-9585-2A7185F6749A}.Release|Any CPU.ActiveCfg = Release|Any CPU
		{DFAB90B9-9B98-4C91-9585-2A7185F6749A}.Release|Any CPU.Build.0 = Release|Any CPU
		{DFAB90B9-9B98-4C91-9585-2A7185F6749A}.Release|x64.ActiveCfg = Release|Any CPU
		{DFAB90B9-9B98-4C91-9585-2A7185F6749A}.Release|x64.Build.0 = Release|Any CPU
		{DFAB90B9-9B98-4C91-9585-2A7185F6749A}.Release|x86.ActiveCfg = Release|Any CPU
		{DFAB90B9-9B98-4C91-9585-2A7185F6749A}.Release|x86.Build.0 = Release|Any CPU
		{0D589622-0A50-4417-9D7C-BC500460E57B}.Debug|Any CPU.ActiveCfg = Debug|Any CPU
		{0D589622-0A50-4417-9D7C-BC500460E57B}.Debug|Any CPU.Build.0 = Debug|Any CPU
		{0D589622-0A50-4417-9D7C-BC500460E57B}.Debug|x64.ActiveCfg = Debug|Any CPU
		{0D589622-0A50-4417-9D7C-BC500460E57B}.Debug|x64.Build.0 = Debug|Any CPU
		{0D589622-0A50-4417-9D7C-BC500460E57B}.Debug|x86.ActiveCfg = Debug|Any CPU
		{0D589622-0A50-4417-9D7C-BC500460E57B}.Debug|x86.Build.0 = Debug|Any CPU
		{0D589622-0A50-4417-9D7C-BC500460E57B}.Release|Any CPU.ActiveCfg = Release|Any CPU
		{0D589622-0A50-4417-9D7C-BC500460E57B}.Release|Any CPU.Build.0 = Release|Any CPU
		{0D589622-0A50-4417-9D7C-BC500460E57B}.Release|x64.ActiveCfg = Release|Any CPU
		{0D589622-0A50-4417-9D7C-BC500460E57B}.Release|x64.Build.0 = Release|Any CPU
		{0D589622-0A50-4417-9D7C-BC500460E57B}.Release|x86.ActiveCfg = Release|Any CPU
		{0D589622-0A50-4417-9D7C-BC500460E57B}.Release|x86.Build.0 = Release|Any CPU
		{151855AE-813B-49EA-AC06-D4244EC463BF}.Debug|Any CPU.ActiveCfg = Debug|Any CPU
		{151855AE-813B-49EA-AC06-D4244EC463BF}.Debug|Any CPU.Build.0 = Debug|Any CPU
		{151855AE-813B-49EA-AC06-D4244EC463BF}.Debug|x64.ActiveCfg = Debug|Any CPU
		{151855AE-813B-49EA-AC06-D4244EC463BF}.Debug|x64.Build.0 = Debug|Any CPU
		{151855AE-813B-49EA-AC06-D4244EC463BF}.Debug|x86.ActiveCfg = Debug|Any CPU
		{151855AE-813B-49EA-AC06-D4244EC463BF}.Debug|x86.Build.0 = Debug|Any CPU
		{151855AE-813B-49EA-AC06-D4244EC463BF}.Release|Any CPU.ActiveCfg = Release|Any CPU
		{151855AE-813B-49EA-AC06-D4244EC463BF}.Release|Any CPU.Build.0 = Release|Any CPU
		{151855AE-813B-49EA-AC06-D4244EC463BF}.Release|x64.ActiveCfg = Release|Any CPU
		{151855AE-813B-49EA-AC06-D4244EC463BF}.Release|x64.Build.0 = Release|Any CPU
		{151855AE-813B-49EA-AC06-D4244EC463BF}.Release|x86.ActiveCfg = Release|Any CPU
		{151855AE-813B-49EA-AC06-D4244EC463BF}.Release|x86.Build.0 = Release|Any CPU
		{E751FCF4-D2DF-4973-8B83-07EA602D2359}.Debug|Any CPU.ActiveCfg = Debug|Any CPU
		{E751FCF4-D2DF-4973-8B83-07EA602D2359}.Debug|Any CPU.Build.0 = Debug|Any CPU
		{E751FCF4-D2DF-4973-8B83-07EA602D2359}.Debug|x64.ActiveCfg = Debug|Any CPU
		{E751FCF4-D2DF-4973-8B83-07EA602D2359}.Debug|x64.Build.0 = Debug|Any CPU
		{E751FCF4-D2DF-4973-8B83-07EA602D2359}.Debug|x86.ActiveCfg = Debug|Any CPU
		{E751FCF4-D2DF-4973-8B83-07EA602D2359}.Debug|x86.Build.0 = Debug|Any CPU
		{E751FCF4-D2DF-4973-8B83-07EA602D2359}.Release|Any CPU.ActiveCfg = Release|Any CPU
		{E751FCF4-D2DF-4973-8B83-07EA602D2359}.Release|Any CPU.Build.0 = Release|Any CPU
		{E751FCF4-D2DF-4973-8B83-07EA602D2359}.Release|x64.ActiveCfg = Release|Any CPU
		{E751FCF4-D2DF-4973-8B83-07EA602D2359}.Release|x64.Build.0 = Release|Any CPU
		{E751FCF4-D2DF-4973-8B83-07EA602D2359}.Release|x86.ActiveCfg = Release|Any CPU
		{E751FCF4-D2DF-4973-8B83-07EA602D2359}.Release|x86.Build.0 = Release|Any CPU
		{F3136B7F-D19A-4540-B6A5-4C733F2CBF22}.Debug|Any CPU.ActiveCfg = Debug|Any CPU
		{F3136B7F-D19A-4540-B6A5-4C733F2CBF22}.Debug|Any CPU.Build.0 = Debug|Any CPU
		{F3136B7F-D19A-4540-B6A5-4C733F2CBF22}.Debug|x64.ActiveCfg = Debug|Any CPU
		{F3136B7F-D19A-4540-B6A5-4C733F2CBF22}.Debug|x64.Build.0 = Debug|Any CPU
		{F3136B7F-D19A-4540-B6A5-4C733F2CBF22}.Debug|x86.ActiveCfg = Debug|Any CPU
		{F3136B7F-D19A-4540-B6A5-4C733F2CBF22}.Debug|x86.Build.0 = Debug|Any CPU
		{F3136B7F-D19A-4540-B6A5-4C733F2CBF22}.Release|Any CPU.ActiveCfg = Release|Any CPU
		{F3136B7F-D19A-4540-B6A5-4C733F2CBF22}.Release|Any CPU.Build.0 = Release|Any CPU
		{F3136B7F-D19A-4540-B6A5-4C733F2CBF22}.Release|x64.ActiveCfg = Release|Any CPU
		{F3136B7F-D19A-4540-B6A5-4C733F2CBF22}.Release|x64.Build.0 = Release|Any CPU
		{F3136B7F-D19A-4540-B6A5-4C733F2CBF22}.Release|x86.ActiveCfg = Release|Any CPU
		{F3136B7F-D19A-4540-B6A5-4C733F2CBF22}.Release|x86.Build.0 = Release|Any CPU
		{E2781109-995D-4153-A97D-A2D9093C910E}.Debug|Any CPU.ActiveCfg = Debug|Any CPU
		{E2781109-995D-4153-A97D-A2D9093C910E}.Debug|Any CPU.Build.0 = Debug|Any CPU
		{E2781109-995D-4153-A97D-A2D9093C910E}.Debug|x64.ActiveCfg = Debug|Any CPU
		{E2781109-995D-4153-A97D-A2D9093C910E}.Debug|x64.Build.0 = Debug|Any CPU
		{E2781109-995D-4153-A97D-A2D9093C910E}.Debug|x86.ActiveCfg = Debug|Any CPU
		{E2781109-995D-4153-A97D-A2D9093C910E}.Debug|x86.Build.0 = Debug|Any CPU
		{E2781109-995D-4153-A97D-A2D9093C910E}.Release|Any CPU.ActiveCfg = Release|Any CPU
		{E2781109-995D-4153-A97D-A2D9093C910E}.Release|Any CPU.Build.0 = Release|Any CPU
		{E2781109-995D-4153-A97D-A2D9093C910E}.Release|x64.ActiveCfg = Release|Any CPU
		{E2781109-995D-4153-A97D-A2D9093C910E}.Release|x64.Build.0 = Release|Any CPU
		{E2781109-995D-4153-A97D-A2D9093C910E}.Release|x86.ActiveCfg = Release|Any CPU
		{E2781109-995D-4153-A97D-A2D9093C910E}.Release|x86.Build.0 = Release|Any CPU
		{6D61FE56-1317-4148-951D-DFCF0499EF70}.Debug|Any CPU.ActiveCfg = Debug|Any CPU
		{6D61FE56-1317-4148-951D-DFCF0499EF70}.Debug|Any CPU.Build.0 = Debug|Any CPU
		{6D61FE56-1317-4148-951D-DFCF0499EF70}.Debug|x64.ActiveCfg = Debug|Any CPU
		{6D61FE56-1317-4148-951D-DFCF0499EF70}.Debug|x64.Build.0 = Debug|Any CPU
		{6D61FE56-1317-4148-951D-DFCF0499EF70}.Debug|x86.ActiveCfg = Debug|Any CPU
		{6D61FE56-1317-4148-951D-DFCF0499EF70}.Debug|x86.Build.0 = Debug|Any CPU
		{6D61FE56-1317-4148-951D-DFCF0499EF70}.Release|Any CPU.ActiveCfg = Release|Any CPU
		{6D61FE56-1317-4148-951D-DFCF0499EF70}.Release|Any CPU.Build.0 = Release|Any CPU
		{6D61FE56-1317-4148-951D-DFCF0499EF70}.Release|x64.ActiveCfg = Release|Any CPU
		{6D61FE56-1317-4148-951D-DFCF0499EF70}.Release|x64.Build.0 = Release|Any CPU
		{6D61FE56-1317-4148-951D-DFCF0499EF70}.Release|x86.ActiveCfg = Release|Any CPU
		{6D61FE56-1317-4148-951D-DFCF0499EF70}.Release|x86.Build.0 = Release|Any CPU
		{FD4D1CC6-02AB-4464-B957-05E74E8CB42F}.Debug|Any CPU.ActiveCfg = Debug|Any CPU
		{FD4D1CC6-02AB-4464-B957-05E74E8CB42F}.Debug|Any CPU.Build.0 = Debug|Any CPU
		{FD4D1CC6-02AB-4464-B957-05E74E8CB42F}.Debug|x64.ActiveCfg = Debug|Any CPU
		{FD4D1CC6-02AB-4464-B957-05E74E8CB42F}.Debug|x64.Build.0 = Debug|Any CPU
		{FD4D1CC6-02AB-4464-B957-05E74E8CB42F}.Debug|x86.ActiveCfg = Debug|Any CPU
		{FD4D1CC6-02AB-4464-B957-05E74E8CB42F}.Debug|x86.Build.0 = Debug|Any CPU
		{FD4D1CC6-02AB-4464-B957-05E74E8CB42F}.Release|Any CPU.ActiveCfg = Release|Any CPU
		{FD4D1CC6-02AB-4464-B957-05E74E8CB42F}.Release|Any CPU.Build.0 = Release|Any CPU
		{FD4D1CC6-02AB-4464-B957-05E74E8CB42F}.Release|x64.ActiveCfg = Release|Any CPU
		{FD4D1CC6-02AB-4464-B957-05E74E8CB42F}.Release|x64.Build.0 = Release|Any CPU
		{FD4D1CC6-02AB-4464-B957-05E74E8CB42F}.Release|x86.ActiveCfg = Release|Any CPU
		{FD4D1CC6-02AB-4464-B957-05E74E8CB42F}.Release|x86.Build.0 = Release|Any CPU
		{F7DA6C77-D9DC-4638-BE75-D5E6A958221C}.Debug|Any CPU.ActiveCfg = Debug|Any CPU
		{F7DA6C77-D9DC-4638-BE75-D5E6A958221C}.Debug|Any CPU.Build.0 = Debug|Any CPU
		{F7DA6C77-D9DC-4638-BE75-D5E6A958221C}.Debug|x64.ActiveCfg = Debug|Any CPU
		{F7DA6C77-D9DC-4638-BE75-D5E6A958221C}.Debug|x64.Build.0 = Debug|Any CPU
		{F7DA6C77-D9DC-4638-BE75-D5E6A958221C}.Debug|x86.ActiveCfg = Debug|Any CPU
		{F7DA6C77-D9DC-4638-BE75-D5E6A958221C}.Debug|x86.Build.0 = Debug|Any CPU
		{F7DA6C77-D9DC-4638-BE75-D5E6A958221C}.Release|Any CPU.ActiveCfg = Release|Any CPU
		{F7DA6C77-D9DC-4638-BE75-D5E6A958221C}.Release|Any CPU.Build.0 = Release|Any CPU
		{F7DA6C77-D9DC-4638-BE75-D5E6A958221C}.Release|x64.ActiveCfg = Release|Any CPU
		{F7DA6C77-D9DC-4638-BE75-D5E6A958221C}.Release|x64.Build.0 = Release|Any CPU
		{F7DA6C77-D9DC-4638-BE75-D5E6A958221C}.Release|x86.ActiveCfg = Release|Any CPU
		{F7DA6C77-D9DC-4638-BE75-D5E6A958221C}.Release|x86.Build.0 = Release|Any CPU
		{67732BDB-F12D-4FF0-847F-179E53E90F24}.Debug|Any CPU.ActiveCfg = Debug|Any CPU
		{67732BDB-F12D-4FF0-847F-179E53E90F24}.Debug|Any CPU.Build.0 = Debug|Any CPU
		{67732BDB-F12D-4FF0-847F-179E53E90F24}.Debug|x64.ActiveCfg = Debug|Any CPU
		{67732BDB-F12D-4FF0-847F-179E53E90F24}.Debug|x64.Build.0 = Debug|Any CPU
		{67732BDB-F12D-4FF0-847F-179E53E90F24}.Debug|x86.ActiveCfg = Debug|Any CPU
		{67732BDB-F12D-4FF0-847F-179E53E90F24}.Debug|x86.Build.0 = Debug|Any CPU
		{67732BDB-F12D-4FF0-847F-179E53E90F24}.Release|Any CPU.ActiveCfg = Release|Any CPU
		{67732BDB-F12D-4FF0-847F-179E53E90F24}.Release|Any CPU.Build.0 = Release|Any CPU
		{67732BDB-F12D-4FF0-847F-179E53E90F24}.Release|x64.ActiveCfg = Release|Any CPU
		{67732BDB-F12D-4FF0-847F-179E53E90F24}.Release|x64.Build.0 = Release|Any CPU
		{67732BDB-F12D-4FF0-847F-179E53E90F24}.Release|x86.ActiveCfg = Release|Any CPU
		{67732BDB-F12D-4FF0-847F-179E53E90F24}.Release|x86.Build.0 = Release|Any CPU
		{47719BD0-9813-4E18-925E-23F51136B4D2}.Debug|Any CPU.ActiveCfg = Debug|Any CPU
		{47719BD0-9813-4E18-925E-23F51136B4D2}.Debug|Any CPU.Build.0 = Debug|Any CPU
		{47719BD0-9813-4E18-925E-23F51136B4D2}.Debug|x64.ActiveCfg = Debug|Any CPU
		{47719BD0-9813-4E18-925E-23F51136B4D2}.Debug|x64.Build.0 = Debug|Any CPU
		{47719BD0-9813-4E18-925E-23F51136B4D2}.Debug|x86.ActiveCfg = Debug|Any CPU
		{47719BD0-9813-4E18-925E-23F51136B4D2}.Debug|x86.Build.0 = Debug|Any CPU
		{47719BD0-9813-4E18-925E-23F51136B4D2}.Release|Any CPU.ActiveCfg = Release|Any CPU
		{47719BD0-9813-4E18-925E-23F51136B4D2}.Release|Any CPU.Build.0 = Release|Any CPU
		{47719BD0-9813-4E18-925E-23F51136B4D2}.Release|x64.ActiveCfg = Release|Any CPU
		{47719BD0-9813-4E18-925E-23F51136B4D2}.Release|x64.Build.0 = Release|Any CPU
		{47719BD0-9813-4E18-925E-23F51136B4D2}.Release|x86.ActiveCfg = Release|Any CPU
		{47719BD0-9813-4E18-925E-23F51136B4D2}.Release|x86.Build.0 = Release|Any CPU
		{1F550B3D-2060-4AA5-8AED-4BBDF0A65480}.Debug|Any CPU.ActiveCfg = Debug|Any CPU
		{1F550B3D-2060-4AA5-8AED-4BBDF0A65480}.Debug|Any CPU.Build.0 = Debug|Any CPU
		{1F550B3D-2060-4AA5-8AED-4BBDF0A65480}.Debug|x64.ActiveCfg = Debug|Any CPU
		{1F550B3D-2060-4AA5-8AED-4BBDF0A65480}.Debug|x64.Build.0 = Debug|Any CPU
		{1F550B3D-2060-4AA5-8AED-4BBDF0A65480}.Debug|x86.ActiveCfg = Debug|Any CPU
		{1F550B3D-2060-4AA5-8AED-4BBDF0A65480}.Debug|x86.Build.0 = Debug|Any CPU
		{1F550B3D-2060-4AA5-8AED-4BBDF0A65480}.Release|Any CPU.ActiveCfg = Release|Any CPU
		{1F550B3D-2060-4AA5-8AED-4BBDF0A65480}.Release|Any CPU.Build.0 = Release|Any CPU
		{1F550B3D-2060-4AA5-8AED-4BBDF0A65480}.Release|x64.ActiveCfg = Release|Any CPU
		{1F550B3D-2060-4AA5-8AED-4BBDF0A65480}.Release|x64.Build.0 = Release|Any CPU
		{1F550B3D-2060-4AA5-8AED-4BBDF0A65480}.Release|x86.ActiveCfg = Release|Any CPU
		{1F550B3D-2060-4AA5-8AED-4BBDF0A65480}.Release|x86.Build.0 = Release|Any CPU
		{F4C0142F-EF7D-4928-A41A-D2834D22D86B}.Debug|Any CPU.ActiveCfg = Debug|Any CPU
		{F4C0142F-EF7D-4928-A41A-D2834D22D86B}.Debug|Any CPU.Build.0 = Debug|Any CPU
		{F4C0142F-EF7D-4928-A41A-D2834D22D86B}.Debug|x64.ActiveCfg = Debug|Any CPU
		{F4C0142F-EF7D-4928-A41A-D2834D22D86B}.Debug|x64.Build.0 = Debug|Any CPU
		{F4C0142F-EF7D-4928-A41A-D2834D22D86B}.Debug|x86.ActiveCfg = Debug|Any CPU
		{F4C0142F-EF7D-4928-A41A-D2834D22D86B}.Debug|x86.Build.0 = Debug|Any CPU
		{F4C0142F-EF7D-4928-A41A-D2834D22D86B}.Release|Any CPU.ActiveCfg = Release|Any CPU
		{F4C0142F-EF7D-4928-A41A-D2834D22D86B}.Release|Any CPU.Build.0 = Release|Any CPU
		{F4C0142F-EF7D-4928-A41A-D2834D22D86B}.Release|x64.ActiveCfg = Release|Any CPU
		{F4C0142F-EF7D-4928-A41A-D2834D22D86B}.Release|x64.Build.0 = Release|Any CPU
		{F4C0142F-EF7D-4928-A41A-D2834D22D86B}.Release|x86.ActiveCfg = Release|Any CPU
		{F4C0142F-EF7D-4928-A41A-D2834D22D86B}.Release|x86.Build.0 = Release|Any CPU
		{0D0E2A93-C7AC-42A8-84D3-0AE31F31A4E0}.Debug|Any CPU.ActiveCfg = Debug|Any CPU
		{0D0E2A93-C7AC-42A8-84D3-0AE31F31A4E0}.Debug|Any CPU.Build.0 = Debug|Any CPU
		{0D0E2A93-C7AC-42A8-84D3-0AE31F31A4E0}.Debug|x64.ActiveCfg = Debug|Any CPU
		{0D0E2A93-C7AC-42A8-84D3-0AE31F31A4E0}.Debug|x64.Build.0 = Debug|Any CPU
		{0D0E2A93-C7AC-42A8-84D3-0AE31F31A4E0}.Debug|x86.ActiveCfg = Debug|Any CPU
		{0D0E2A93-C7AC-42A8-84D3-0AE31F31A4E0}.Debug|x86.Build.0 = Debug|Any CPU
		{0D0E2A93-C7AC-42A8-84D3-0AE31F31A4E0}.Release|Any CPU.ActiveCfg = Release|Any CPU
		{0D0E2A93-C7AC-42A8-84D3-0AE31F31A4E0}.Release|Any CPU.Build.0 = Release|Any CPU
		{0D0E2A93-C7AC-42A8-84D3-0AE31F31A4E0}.Release|x64.ActiveCfg = Release|Any CPU
		{0D0E2A93-C7AC-42A8-84D3-0AE31F31A4E0}.Release|x64.Build.0 = Release|Any CPU
		{0D0E2A93-C7AC-42A8-84D3-0AE31F31A4E0}.Release|x86.ActiveCfg = Release|Any CPU
		{0D0E2A93-C7AC-42A8-84D3-0AE31F31A4E0}.Release|x86.Build.0 = Release|Any CPU
		{881E087F-289A-4F3E-B3D0-3E7BF1DA9543}.Debug|Any CPU.ActiveCfg = Debug|Any CPU
		{881E087F-289A-4F3E-B3D0-3E7BF1DA9543}.Debug|Any CPU.Build.0 = Debug|Any CPU
		{881E087F-289A-4F3E-B3D0-3E7BF1DA9543}.Debug|x64.ActiveCfg = Debug|Any CPU
		{881E087F-289A-4F3E-B3D0-3E7BF1DA9543}.Debug|x64.Build.0 = Debug|Any CPU
		{881E087F-289A-4F3E-B3D0-3E7BF1DA9543}.Debug|x86.ActiveCfg = Debug|Any CPU
		{881E087F-289A-4F3E-B3D0-3E7BF1DA9543}.Debug|x86.Build.0 = Debug|Any CPU
		{881E087F-289A-4F3E-B3D0-3E7BF1DA9543}.Release|Any CPU.ActiveCfg = Release|Any CPU
		{881E087F-289A-4F3E-B3D0-3E7BF1DA9543}.Release|Any CPU.Build.0 = Release|Any CPU
		{881E087F-289A-4F3E-B3D0-3E7BF1DA9543}.Release|x64.ActiveCfg = Release|Any CPU
		{881E087F-289A-4F3E-B3D0-3E7BF1DA9543}.Release|x64.Build.0 = Release|Any CPU
		{881E087F-289A-4F3E-B3D0-3E7BF1DA9543}.Release|x86.ActiveCfg = Release|Any CPU
		{881E087F-289A-4F3E-B3D0-3E7BF1DA9543}.Release|x86.Build.0 = Release|Any CPU
		{84742EEE-C751-4272-9775-498ABEF806CC}.Debug|Any CPU.ActiveCfg = Debug|Any CPU
		{84742EEE-C751-4272-9775-498ABEF806CC}.Debug|Any CPU.Build.0 = Debug|Any CPU
		{84742EEE-C751-4272-9775-498ABEF806CC}.Debug|x64.ActiveCfg = Debug|Any CPU
		{84742EEE-C751-4272-9775-498ABEF806CC}.Debug|x64.Build.0 = Debug|Any CPU
		{84742EEE-C751-4272-9775-498ABEF806CC}.Debug|x86.ActiveCfg = Debug|Any CPU
		{84742EEE-C751-4272-9775-498ABEF806CC}.Debug|x86.Build.0 = Debug|Any CPU
		{84742EEE-C751-4272-9775-498ABEF806CC}.Release|Any CPU.ActiveCfg = Release|Any CPU
		{84742EEE-C751-4272-9775-498ABEF806CC}.Release|Any CPU.Build.0 = Release|Any CPU
		{84742EEE-C751-4272-9775-498ABEF806CC}.Release|x64.ActiveCfg = Release|Any CPU
		{84742EEE-C751-4272-9775-498ABEF806CC}.Release|x64.Build.0 = Release|Any CPU
		{84742EEE-C751-4272-9775-498ABEF806CC}.Release|x86.ActiveCfg = Release|Any CPU
		{84742EEE-C751-4272-9775-498ABEF806CC}.Release|x86.Build.0 = Release|Any CPU
	EndGlobalSection
EndGlobal
